
Microsoft Visual Studio Solution File, Format Version 12.00
# Visual Studio Version 16
VisualStudioVersion = 16.0.31624.102
MinimumVisualStudioVersion = 10.0.40219.1
Project("{9A19103F-16F7-4668-BE54-9A1E7A4F7556}") = "Entidades", "Entidades\Entidades.csproj", "{7E02DAE4-D4AB-4802-89D0-272654FEF691}"
EndProject
Project("{9A19103F-16F7-4668-BE54-9A1E7A4F7556}") = "test", "TEst\test.csproj", "{864C4E08-3C26-448C-84E1-FEA7ED835E9C}"
EndProject
Global
	GlobalSection(SolutionConfigurationPlatforms) = preSolution
		Debug|Any CPU = Debug|Any CPU
		Release|Any CPU = Release|Any CPU
	EndGlobalSection
	GlobalSection(ProjectConfigurationPlatforms) = postSolution
		{7E02DAE4-D4AB-4802-89D0-272654FEF691}.Debug|Any CPU.ActiveCfg = Debug|Any CPU
		{7E02DAE4-D4AB-4802-89D0-272654FEF691}.Debug|Any CPU.Build.0 = Debug|Any CPU
		{7E02DAE4-D4AB-4802-89D0-272654FEF691}.Release|Any CPU.ActiveCfg = Release|Any CPU
		{7E02DAE4-D4AB-4802-89D0-272654FEF691}.Release|Any CPU.Build.0 = Release|Any CPU
		{864C4E08-3C26-448C-84E1-FEA7ED835E9C}.Debug|Any CPU.ActiveCfg = Debug|Any CPU
		{864C4E08-3C26-448C-84E1-FEA7ED835E9C}.Debug|Any CPU.Build.0 = Debug|Any CPU
		{864C4E08-3C26-448C-84E1-FEA7ED835E9C}.Release|Any CPU.ActiveCfg = Release|Any CPU
		{864C4E08-3C26-448C-84E1-FEA7ED835E9C}.Release|Any CPU.Build.0 = Release|Any CPU
	EndGlobalSection
	GlobalSection(SolutionProperties) = preSolution
		HideSolutionNode = FALSE
	EndGlobalSection
	GlobalSection(ExtensibilityGlobals) = postSolution
		SolutionGuid = {BA7B3956-74C9-4CE7-B010-BD91DE5FD62A}
	EndGlobalSection
EndGlobal
